
Microsoft Visual Studio Solution File, Format Version 12.00
# Visual Studio Version 16
VisualStudioVersion = 16.0.30204.135
MinimumVisualStudioVersion = 10.0.40219.1
Project("{FAE04EC0-301F-11D3-BF4B-00C04F79EFBC}") = "LumbApp", "LumbApp.csproj", "{E0C5519E-0AD1-47FB-AAF4-FADA209A5689}"
EndProject
Global
	GlobalSection(SolutionConfigurationPlatforms) = preSolution
		Debug|x86 = Debug|x86
		Release|x86 = Release|x86
	EndGlobalSection
	GlobalSection(ProjectConfigurationPlatforms) = postSolution
		{E0C5519E-0AD1-47FB-AAF4-FADA209A5689}.Debug|x86.ActiveCfg = Debug|x86
		{E0C5519E-0AD1-47FB-AAF4-FADA209A5689}.Debug|x86.Build.0 = Debug|x86
		{E0C5519E-0AD1-47FB-AAF4-FADA209A5689}.Release|x86.ActiveCfg = Release|x86
		{E0C5519E-0AD1-47FB-AAF4-FADA209A5689}.Release|x86.Build.0 = Release|x86
	EndGlobalSection
	GlobalSection(SolutionProperties) = preSolution
		HideSolutionNode = FALSE
	EndGlobalSection
	GlobalSection(ExtensibilityGlobals) = postSolution
		SolutionGuid = {C2C69EAE-D9EB-46DC-8BE9-7DE90B5FE751}
	EndGlobalSection
EndGlobal
