
Microsoft Visual Studio Solution File, Format Version 12.00
# Visual Studio Version 16
VisualStudioVersion = 16.0.30204.135
MinimumVisualStudioVersion = 10.0.40219.1
Project("{FAE04EC0-301F-11D3-BF4B-00C04F79EFBC}") = "LumbApp", "LumbApp.csproj", "{E0C5519E-0AD1-47FB-AAF4-FADA209A5689}"
EndProject
Project("{9A19103F-16F7-4668-BE54-9A1E7A4F7556}") = "UnitTestLumbapp", "..\UnitTestLumbapp\UnitTestLumbapp.csproj", "{C3FFE07A-5686-483B-8FF1-FEA36A0C8A9A}"
EndProject
Global
	GlobalSection(SolutionConfigurationPlatforms) = preSolution
		Debug|Any CPU = Debug|Any CPU
		Debug|x86 = Debug|x86
		Release|Any CPU = Release|Any CPU
		Release|x86 = Release|x86
	EndGlobalSection
	GlobalSection(ProjectConfigurationPlatforms) = postSolution
		{E0C5519E-0AD1-47FB-AAF4-FADA209A5689}.Debug|Any CPU.ActiveCfg = Debug|x86
		{E0C5519E-0AD1-47FB-AAF4-FADA209A5689}.Debug|Any CPU.Build.0 = Debug|x86
		{E0C5519E-0AD1-47FB-AAF4-FADA209A5689}.Debug|x86.ActiveCfg = Debug|x86
		{E0C5519E-0AD1-47FB-AAF4-FADA209A5689}.Debug|x86.Build.0 = Debug|x86
		{E0C5519E-0AD1-47FB-AAF4-FADA209A5689}.Release|Any CPU.ActiveCfg = Release|x86
		{E0C5519E-0AD1-47FB-AAF4-FADA209A5689}.Release|x86.ActiveCfg = Release|x86
		{E0C5519E-0AD1-47FB-AAF4-FADA209A5689}.Release|x86.Build.0 = Release|x86
		{C3FFE07A-5686-483B-8FF1-FEA36A0C8A9A}.Debug|Any CPU.ActiveCfg = Debug|x86
		{C3FFE07A-5686-483B-8FF1-FEA36A0C8A9A}.Debug|Any CPU.Build.0 = Debug|x86
		{C3FFE07A-5686-483B-8FF1-FEA36A0C8A9A}.Debug|x86.ActiveCfg = Debug|x86
		{C3FFE07A-5686-483B-8FF1-FEA36A0C8A9A}.Debug|x86.Build.0 = Debug|x86
		{C3FFE07A-5686-483B-8FF1-FEA36A0C8A9A}.Release|Any CPU.ActiveCfg = Release|Any CPU
		{C3FFE07A-5686-483B-8FF1-FEA36A0C8A9A}.Release|Any CPU.Build.0 = Release|Any CPU
		{C3FFE07A-5686-483B-8FF1-FEA36A0C8A9A}.Release|x86.ActiveCfg = Release|x86
		{C3FFE07A-5686-483B-8FF1-FEA36A0C8A9A}.Release|x86.Build.0 = Release|x86
	EndGlobalSection
	GlobalSection(SolutionProperties) = preSolution
		HideSolutionNode = FALSE
	EndGlobalSection
	GlobalSection(ExtensibilityGlobals) = postSolution
		SolutionGuid = {C2C69EAE-D9EB-46DC-8BE9-7DE90B5FE751}
	EndGlobalSection
EndGlobal
